
Microsoft Visual Studio Solution File, Format Version 12.00
# Visual Studio 14
VisualStudioVersion = 14.0.25402.0
MinimumVisualStudioVersion = 10.0.40219.1
Project("{FAE04EC0-301F-11D3-BF4B-00C04F79EFBC}") = "Singleton", "Singleton\Singleton.csproj", "{4E376BE7-A7E3-4597-A480-005B8FF86260}"
EndProject
Project("{FAE04EC0-301F-11D3-BF4B-00C04F79EFBC}") = "Volatile", "Volatile\Volatile.csproj", "{7FA6049C-470D-4C8A-B19E-DD867F0B6ABF}"
EndProject
Project("{FAE04EC0-301F-11D3-BF4B-00C04F79EFBC}") = "LockIt", "LockIt\LockIt.csproj", "{8287CFC0-AB9D-46FD-9A9A-BEA2BD30778B}"
EndProject
Project("{FAE04EC0-301F-11D3-BF4B-00C04F79EFBC}") = "Volatile.ReadWrite", "Volatile.ReadWrite\Volatile.ReadWrite.csproj", "{380FE07E-34FE-4587-B47D-9B061882185B}"
EndProject
Global
	GlobalSection(SolutionConfigurationPlatforms) = preSolution
		Debug|Any CPU = Debug|Any CPU
		Release|Any CPU = Release|Any CPU
	EndGlobalSection
	GlobalSection(ProjectConfigurationPlatforms) = postSolution
		{4E376BE7-A7E3-4597-A480-005B8FF86260}.Debug|Any CPU.ActiveCfg = Debug|Any CPU
		{4E376BE7-A7E3-4597-A480-005B8FF86260}.Debug|Any CPU.Build.0 = Debug|Any CPU
		{4E376BE7-A7E3-4597-A480-005B8FF86260}.Release|Any CPU.ActiveCfg = Release|Any CPU
		{4E376BE7-A7E3-4597-A480-005B8FF86260}.Release|Any CPU.Build.0 = Release|Any CPU
		{7FA6049C-470D-4C8A-B19E-DD867F0B6ABF}.Debug|Any CPU.ActiveCfg = Debug|Any CPU
		{7FA6049C-470D-4C8A-B19E-DD867F0B6ABF}.Debug|Any CPU.Build.0 = Debug|Any CPU
		{7FA6049C-470D-4C8A-B19E-DD867F0B6ABF}.Release|Any CPU.ActiveCfg = Release|Any CPU
		{7FA6049C-470D-4C8A-B19E-DD867F0B6ABF}.Release|Any CPU.Build.0 = Release|Any CPU
		{8287CFC0-AB9D-46FD-9A9A-BEA2BD30778B}.Debug|Any CPU.ActiveCfg = Debug|Any CPU
		{8287CFC0-AB9D-46FD-9A9A-BEA2BD30778B}.Debug|Any CPU.Build.0 = Debug|Any CPU
		{8287CFC0-AB9D-46FD-9A9A-BEA2BD30778B}.Release|Any CPU.ActiveCfg = Release|Any CPU
		{8287CFC0-AB9D-46FD-9A9A-BEA2BD30778B}.Release|Any CPU.Build.0 = Release|Any CPU
		{380FE07E-34FE-4587-B47D-9B061882185B}.Debug|Any CPU.ActiveCfg = Debug|Any CPU
		{380FE07E-34FE-4587-B47D-9B061882185B}.Debug|Any CPU.Build.0 = Debug|Any CPU
		{380FE07E-34FE-4587-B47D-9B061882185B}.Release|Any CPU.ActiveCfg = Release|Any CPU
		{380FE07E-34FE-4587-B47D-9B061882185B}.Release|Any CPU.Build.0 = Release|Any CPU
	EndGlobalSection
	GlobalSection(SolutionProperties) = preSolution
		HideSolutionNode = FALSE
	EndGlobalSection
EndGlobal
